
Microsoft Visual Studio Solution File, Format Version 12.00
# Visual Studio 2013
VisualStudioVersion = 12.0.31101.0
MinimumVisualStudioVersion = 10.0.40219.1
Project("{FAE04EC0-301F-11D3-BF4B-00C04F79EFBC}") = "SG_SST", "SG_SST\SG_SST.csproj", "{293B0511-FB48-464C-A870-660EB0B9AD60}"
EndProject
Project("{FAE04EC0-301F-11D3-BF4B-00C04F79EFBC}") = "SG_SST.Recursos", "SG_SST.Recursos\SG_SST.Recursos.csproj", "{9FE4C87B-9298-4962-8F9A-512C266B4CFD}"
EndProject
Project("{FAE04EC0-301F-11D3-BF4B-00C04F79EFBC}") = "SG_SST.Models", "SG_SST.Modelos\SG_SST.Models.csproj", "{11C5DA88-C228-4627-8108-3DDB07AA7898}"
EndProject
Project("{FAE04EC0-301F-11D3-BF4B-00C04F79EFBC}") = "SG-SST.Audotoria", "SG-SST.Audotoria\SG-SST.Audotoria.csproj", "{BDD3C5F9-ADDD-442D-948A-4CFACF89CA75}"
EndProject
Project("{FAE04EC0-301F-11D3-BF4B-00C04F79EFBC}") = "SG-SST.Enumeraciones", "SG-SST.Enumeraciones\SG-SST.Enumeraciones.csproj", "{5FC98DAA-0ED5-4BF6-8F98-C9C4F4C9B4DF}"
EndProject
Project("{FAE04EC0-301F-11D3-BF4B-00C04F79EFBC}") = "SG-SST.Planeacion.Servicios", "SG-SST.Planeacion.Servicios\SG-SST.Planeacion.Servicios.csproj", "{C390F1A3-21A6-477A-96EF-214DC560FCEA}"
EndProject
Project("{FAE04EC0-301F-11D3-BF4B-00C04F79EFBC}") = "SG_SST.Empresas.Servicios", "SG_SST.Empresas.Servicios\SG_SST.Empresas.Servicios.csproj", "{CA605E88-9A91-46AE-B6C8-206611D0BF0B}"
EndProject
Project("{FAE04EC0-301F-11D3-BF4B-00C04F79EFBC}") = "SG-SST.EntidadesDominio", "SG-SST.EntidadesDominio\SG-SST.EntidadesDominio.csproj", "{D9F2CEB3-2AA8-4934-9AA3-4C435A6D6CC3}"
EndProject
Project("{FAE04EC0-301F-11D3-BF4B-00C04F79EFBC}") = "SG-SST.Interfaces", "SG-SST.Interfaces\SG-SST.Interfaces.csproj", "{3FCDDE0A-392B-4BB3-B87C-B42B4A1AB0A8}"
EndProject
Project("{FAE04EC0-301F-11D3-BF4B-00C04F79EFBC}") = "SG-SST.InterfazManager", "SG-SST.InterfazManager\SG-SST.InterfazManager.csproj", "{E2449AA1-D448-4D8B-9FC8-6A08E1DA06F6}"
EndProject
Project("{FAE04EC0-301F-11D3-BF4B-00C04F79EFBC}") = "SG-SST.Logica", "SG-SST.Logica\SG-SST.Logica.csproj", "{3A33EC6E-D2BB-479C-AE62-6639BB180ABA}"
EndProject
Project("{FAE04EC0-301F-11D3-BF4B-00C04F79EFBC}") = "SG-SST.Repositorio", "SG-SST.Repositorio\SG-SST.Repositorio.csproj", "{246E26F9-8546-4E48-B89F-942EC2DCAAA1}"
EndProject
Project("{2150E333-8FDC-42A3-9474-1A3956D46DE8}") = "Presentacion", "Presentacion", "{055CCAB3-FB41-4F95-AC32-1113ACC0A34E}"
EndProject
Project("{2150E333-8FDC-42A3-9474-1A3956D46DE8}") = "Servicios", "Servicios", "{A3E57BCF-4320-4472-8265-0A87F97D2CBD}"
EndProject
Project("{2150E333-8FDC-42A3-9474-1A3956D46DE8}") = "Datos", "Datos", "{E4EAF2CB-01A2-4A70-9163-8B5CC19E923E}"
EndProject
Project("{2150E333-8FDC-42A3-9474-1A3956D46DE8}") = "Negocio", "Negocio", "{272664AB-5F61-4B17-A6B7-98DC566373C1}"
EndProject
Project("{2150E333-8FDC-42A3-9474-1A3956D46DE8}") = "Interfaces", "Interfaces", "{CA28FE45-25F8-4DF7-A537-9F5FAD61A8D0}"
EndProject
Project("{2150E333-8FDC-42A3-9474-1A3956D46DE8}") = "Transversales", "Transversales", "{FB9B2D3C-CF21-4F50-B5D1-64C66A8FE4E4}"
EndProject
Project("{2150E333-8FDC-42A3-9474-1A3956D46DE8}") = "Auditoria", "Auditoria", "{08458638-06AE-44BE-AC68-683FD36B5EAF}"
EndProject
Project("{2150E333-8FDC-42A3-9474-1A3956D46DE8}") = "Pruebas", "Pruebas", "{D7350752-F5C1-445F-AB0C-35E2B3424EC3}"
EndProject
Project("{FAE04EC0-301F-11D3-BF4B-00C04F79EFBC}") = "SG_SST.LogicaTest", "Pruebas\SG_SST.LogicaTest\SG_SST.LogicaTest.csproj", "{B2DDCC7C-2523-43B0-8237-C04E3906D3EF}"
EndProject
Project("{FAE04EC0-301F-11D3-BF4B-00C04F79EFBC}") = "SG_SST.Aplicacion.Servicios", "SG_SST.Aplicacion.Servicios\SG_SST.Aplicacion.Servicios.csproj", "{92BCA813-62E2-44A7-91C0-36C4BB475D8E}"
EndProject
Project("{FAE04EC0-301F-11D3-BF4B-00C04F79EFBC}") = "SG_SST.Utilidades", "SG_SST.Utilidades\SG_SST.Utilidades.csproj", "{B06C5DE6-A727-4005-AB69-2A659FFAC033}"
EndProject
Project("{FAE04EC0-301F-11D3-BF4B-00C04F79EFBC}") = "SG_SST.ClienteServicios", "SG_SST.ClienteServicios\SG_SST.ClienteServicios.csproj", "{BC60A8F0-DA25-4763-BB09-3C6950D8BADD}"
EndProject
Project("{FAE04EC0-301F-11D3-BF4B-00C04F79EFBC}") = "SG_SST.PlanTrabajoAnual.Servicios", "SG_SST.PlanTrabajoAnual.Servicios\SG_SST.PlanTrabajoAnual.Servicios.csproj", "{747D524D-B337-451D-827D-A0BA9E4BEA47}"
EndProject
Project("{FAE04EC0-301F-11D3-BF4B-00C04F79EFBC}") = "SG_SST.IncidenteInvestigacion.Servicios", "SG_SST.IncidenteInvestigacion.Servicios\SG_SST.IncidenteInvestigacion.Servicios.csproj", "{40518715-B9A9-43F5-AC86-AEFCB561C100}"
EndProject
Project("{FAE04EC0-301F-11D3-BF4B-00C04F79EFBC}") = "SG_SST.Participacion", "SG_SST.Participacion\SG_SST.Participacion.csproj", "{0D794DA2-4263-488B-827E-53A54353BE8D}"
EndProject
Project("{FAE04EC0-301F-11D3-BF4B-00C04F79EFBC}") = "SG_SST.MedicionEvaluacion.Servicios", "SG_SST.MedicionEvaluacion.Servicios\SG_SST.MedicionEvaluacion.Servicios.csproj", "{54A95C90-160F-4804-967D-CEB0665EFA7F}"
EndProject
Project("{FAE04EC0-301F-11D3-BF4B-00C04F79EFBC}") = "SG_SST.Revision.Servicio", "SG_SST.Revision.Servicio\SG_SST.Revision.Servicio.csproj", "{E0B51B19-F1CA-446C-BCE7-F3AAECB9DA96}"
EndProject
Project("{FAE04EC0-301F-11D3-BF4B-00C04F79EFBC}") = "SG_SST.Autenticacion.Servicios", "SG_SST.Autenticacion.Servicios\SG_SST.Autenticacion.Servicios.csproj", "{50A5F33C-68F4-4DF0-A516-DA868CEBA7A6}"
EndProject
Project("{FAE04EC0-301F-11D3-BF4B-00C04F79EFBC}") = "SG_SST.EnfermedadLaboral.Servicios", "SG_SST.EnfermedadLaboral.Servicios\SG_SST.EnfermedadLaboral.Servicios.csproj", "{0CED7C0B-F4B3-4C59-A248-E1E2CB041883}"
EndProject
Global
	GlobalSection(SolutionConfigurationPlatforms) = preSolution
		Debug|Any CPU = Debug|Any CPU
		Debug|x86 = Debug|x86
		Release|Any CPU = Release|Any CPU
		Release|x86 = Release|x86
	EndGlobalSection
	GlobalSection(ProjectConfigurationPlatforms) = postSolution
		{293B0511-FB48-464C-A870-660EB0B9AD60}.Debug|Any CPU.ActiveCfg = Debug|Any CPU
		{293B0511-FB48-464C-A870-660EB0B9AD60}.Debug|Any CPU.Build.0 = Debug|Any CPU
		{293B0511-FB48-464C-A870-660EB0B9AD60}.Debug|x86.ActiveCfg = Debug|Any CPU
		{293B0511-FB48-464C-A870-660EB0B9AD60}.Release|Any CPU.ActiveCfg = Release|Any CPU
		{293B0511-FB48-464C-A870-660EB0B9AD60}.Release|Any CPU.Build.0 = Release|Any CPU
		{293B0511-FB48-464C-A870-660EB0B9AD60}.Release|x86.ActiveCfg = Release|Any CPU
		{9FE4C87B-9298-4962-8F9A-512C266B4CFD}.Debug|Any CPU.ActiveCfg = Debug|Any CPU
		{9FE4C87B-9298-4962-8F9A-512C266B4CFD}.Debug|Any CPU.Build.0 = Debug|Any CPU
		{9FE4C87B-9298-4962-8F9A-512C266B4CFD}.Debug|x86.ActiveCfg = Debug|Any CPU
		{9FE4C87B-9298-4962-8F9A-512C266B4CFD}.Release|Any CPU.ActiveCfg = Release|Any CPU
		{9FE4C87B-9298-4962-8F9A-512C266B4CFD}.Release|Any CPU.Build.0 = Release|Any CPU
		{9FE4C87B-9298-4962-8F9A-512C266B4CFD}.Release|x86.ActiveCfg = Release|Any CPU
		{11C5DA88-C228-4627-8108-3DDB07AA7898}.Debug|Any CPU.ActiveCfg = Debug|Any CPU
		{11C5DA88-C228-4627-8108-3DDB07AA7898}.Debug|Any CPU.Build.0 = Debug|Any CPU
		{11C5DA88-C228-4627-8108-3DDB07AA7898}.Debug|x86.ActiveCfg = Debug|Any CPU
		{11C5DA88-C228-4627-8108-3DDB07AA7898}.Release|Any CPU.ActiveCfg = Release|Any CPU
		{11C5DA88-C228-4627-8108-3DDB07AA7898}.Release|Any CPU.Build.0 = Release|Any CPU
		{11C5DA88-C228-4627-8108-3DDB07AA7898}.Release|x86.ActiveCfg = Release|Any CPU
		{BDD3C5F9-ADDD-442D-948A-4CFACF89CA75}.Debug|Any CPU.ActiveCfg = Debug|Any CPU
		{BDD3C5F9-ADDD-442D-948A-4CFACF89CA75}.Debug|Any CPU.Build.0 = Debug|Any CPU
		{BDD3C5F9-ADDD-442D-948A-4CFACF89CA75}.Debug|x86.ActiveCfg = Debug|Any CPU
		{BDD3C5F9-ADDD-442D-948A-4CFACF89CA75}.Release|Any CPU.ActiveCfg = Release|Any CPU
		{BDD3C5F9-ADDD-442D-948A-4CFACF89CA75}.Release|Any CPU.Build.0 = Release|Any CPU
		{BDD3C5F9-ADDD-442D-948A-4CFACF89CA75}.Release|x86.ActiveCfg = Release|Any CPU
		{5FC98DAA-0ED5-4BF6-8F98-C9C4F4C9B4DF}.Debug|Any CPU.ActiveCfg = Debug|Any CPU
		{5FC98DAA-0ED5-4BF6-8F98-C9C4F4C9B4DF}.Debug|Any CPU.Build.0 = Debug|Any CPU
		{5FC98DAA-0ED5-4BF6-8F98-C9C4F4C9B4DF}.Debug|x86.ActiveCfg = Debug|Any CPU
		{5FC98DAA-0ED5-4BF6-8F98-C9C4F4C9B4DF}.Release|Any CPU.ActiveCfg = Release|Any CPU
		{5FC98DAA-0ED5-4BF6-8F98-C9C4F4C9B4DF}.Release|Any CPU.Build.0 = Release|Any CPU
		{5FC98DAA-0ED5-4BF6-8F98-C9C4F4C9B4DF}.Release|x86.ActiveCfg = Release|Any CPU
		{C390F1A3-21A6-477A-96EF-214DC560FCEA}.Debug|Any CPU.ActiveCfg = Debug|Any CPU
		{C390F1A3-21A6-477A-96EF-214DC560FCEA}.Debug|Any CPU.Build.0 = Debug|Any CPU
		{C390F1A3-21A6-477A-96EF-214DC560FCEA}.Debug|x86.ActiveCfg = Debug|Any CPU
		{C390F1A3-21A6-477A-96EF-214DC560FCEA}.Release|Any CPU.ActiveCfg = Release|Any CPU
		{C390F1A3-21A6-477A-96EF-214DC560FCEA}.Release|Any CPU.Build.0 = Release|Any CPU
		{C390F1A3-21A6-477A-96EF-214DC560FCEA}.Release|x86.ActiveCfg = Release|Any CPU
		{CA605E88-9A91-46AE-B6C8-206611D0BF0B}.Debug|Any CPU.ActiveCfg = Debug|Any CPU
		{CA605E88-9A91-46AE-B6C8-206611D0BF0B}.Debug|Any CPU.Build.0 = Debug|Any CPU
		{CA605E88-9A91-46AE-B6C8-206611D0BF0B}.Debug|x86.ActiveCfg = Debug|Any CPU
		{CA605E88-9A91-46AE-B6C8-206611D0BF0B}.Release|Any CPU.ActiveCfg = Release|Any CPU
		{CA605E88-9A91-46AE-B6C8-206611D0BF0B}.Release|Any CPU.Build.0 = Release|Any CPU
		{CA605E88-9A91-46AE-B6C8-206611D0BF0B}.Release|x86.ActiveCfg = Release|Any CPU
		{D9F2CEB3-2AA8-4934-9AA3-4C435A6D6CC3}.Debug|Any CPU.ActiveCfg = Debug|Any CPU
		{D9F2CEB3-2AA8-4934-9AA3-4C435A6D6CC3}.Debug|Any CPU.Build.0 = Debug|Any CPU
		{D9F2CEB3-2AA8-4934-9AA3-4C435A6D6CC3}.Debug|Any CPU.Deploy.0 = Debug|Any CPU
		{D9F2CEB3-2AA8-4934-9AA3-4C435A6D6CC3}.Debug|x86.ActiveCfg = Debug|Any CPU
		{D9F2CEB3-2AA8-4934-9AA3-4C435A6D6CC3}.Release|Any CPU.ActiveCfg = Release|Any CPU
		{D9F2CEB3-2AA8-4934-9AA3-4C435A6D6CC3}.Release|Any CPU.Build.0 = Release|Any CPU
		{D9F2CEB3-2AA8-4934-9AA3-4C435A6D6CC3}.Release|x86.ActiveCfg = Release|Any CPU
		{3FCDDE0A-392B-4BB3-B87C-B42B4A1AB0A8}.Debug|Any CPU.ActiveCfg = Debug|Any CPU
		{3FCDDE0A-392B-4BB3-B87C-B42B4A1AB0A8}.Debug|Any CPU.Build.0 = Debug|Any CPU
		{3FCDDE0A-392B-4BB3-B87C-B42B4A1AB0A8}.Debug|x86.ActiveCfg = Debug|Any CPU
		{3FCDDE0A-392B-4BB3-B87C-B42B4A1AB0A8}.Release|Any CPU.ActiveCfg = Release|Any CPU
		{3FCDDE0A-392B-4BB3-B87C-B42B4A1AB0A8}.Release|Any CPU.Build.0 = Release|Any CPU
		{3FCDDE0A-392B-4BB3-B87C-B42B4A1AB0A8}.Release|x86.ActiveCfg = Release|Any CPU
		{E2449AA1-D448-4D8B-9FC8-6A08E1DA06F6}.Debug|Any CPU.ActiveCfg = Debug|Any CPU
		{E2449AA1-D448-4D8B-9FC8-6A08E1DA06F6}.Debug|Any CPU.Build.0 = Debug|Any CPU
		{E2449AA1-D448-4D8B-9FC8-6A08E1DA06F6}.Debug|x86.ActiveCfg = Debug|Any CPU
		{E2449AA1-D448-4D8B-9FC8-6A08E1DA06F6}.Release|Any CPU.ActiveCfg = Release|Any CPU
		{E2449AA1-D448-4D8B-9FC8-6A08E1DA06F6}.Release|Any CPU.Build.0 = Release|Any CPU
		{E2449AA1-D448-4D8B-9FC8-6A08E1DA06F6}.Release|Any CPU.Deploy.0 = Release|Any CPU
		{E2449AA1-D448-4D8B-9FC8-6A08E1DA06F6}.Release|x86.ActiveCfg = Release|Any CPU
		{3A33EC6E-D2BB-479C-AE62-6639BB180ABA}.Debug|Any CPU.ActiveCfg = Debug|Any CPU
		{3A33EC6E-D2BB-479C-AE62-6639BB180ABA}.Debug|Any CPU.Build.0 = Debug|Any CPU
		{3A33EC6E-D2BB-479C-AE62-6639BB180ABA}.Debug|x86.ActiveCfg = Debug|Any CPU
		{3A33EC6E-D2BB-479C-AE62-6639BB180ABA}.Release|Any CPU.ActiveCfg = Release|Any CPU
		{3A33EC6E-D2BB-479C-AE62-6639BB180ABA}.Release|Any CPU.Build.0 = Release|Any CPU
		{3A33EC6E-D2BB-479C-AE62-6639BB180ABA}.Release|x86.ActiveCfg = Release|Any CPU
		{246E26F9-8546-4E48-B89F-942EC2DCAAA1}.Debug|Any CPU.ActiveCfg = Debug|Any CPU
		{246E26F9-8546-4E48-B89F-942EC2DCAAA1}.Debug|Any CPU.Build.0 = Debug|Any CPU
		{246E26F9-8546-4E48-B89F-942EC2DCAAA1}.Debug|x86.ActiveCfg = Debug|Any CPU
		{246E26F9-8546-4E48-B89F-942EC2DCAAA1}.Release|Any CPU.ActiveCfg = Release|Any CPU
		{246E26F9-8546-4E48-B89F-942EC2DCAAA1}.Release|Any CPU.Build.0 = Release|Any CPU
		{246E26F9-8546-4E48-B89F-942EC2DCAAA1}.Release|x86.ActiveCfg = Release|Any CPU
		{B2DDCC7C-2523-43B0-8237-C04E3906D3EF}.Debug|Any CPU.ActiveCfg = Debug|Any CPU
		{B2DDCC7C-2523-43B0-8237-C04E3906D3EF}.Debug|Any CPU.Build.0 = Debug|Any CPU
		{B2DDCC7C-2523-43B0-8237-C04E3906D3EF}.Debug|x86.ActiveCfg = Debug|Any CPU
		{B2DDCC7C-2523-43B0-8237-C04E3906D3EF}.Release|Any CPU.ActiveCfg = Release|Any CPU
		{B2DDCC7C-2523-43B0-8237-C04E3906D3EF}.Release|Any CPU.Build.0 = Release|Any CPU
		{B2DDCC7C-2523-43B0-8237-C04E3906D3EF}.Release|x86.ActiveCfg = Release|Any CPU
		{92BCA813-62E2-44A7-91C0-36C4BB475D8E}.Debug|Any CPU.ActiveCfg = Debug|Any CPU
		{92BCA813-62E2-44A7-91C0-36C4BB475D8E}.Debug|Any CPU.Build.0 = Debug|Any CPU
		{92BCA813-62E2-44A7-91C0-36C4BB475D8E}.Debug|x86.ActiveCfg = Debug|Any CPU
		{92BCA813-62E2-44A7-91C0-36C4BB475D8E}.Release|Any CPU.ActiveCfg = Release|Any CPU
		{92BCA813-62E2-44A7-91C0-36C4BB475D8E}.Release|Any CPU.Build.0 = Release|Any CPU
		{92BCA813-62E2-44A7-91C0-36C4BB475D8E}.Release|x86.ActiveCfg = Release|Any CPU
		{B06C5DE6-A727-4005-AB69-2A659FFAC033}.Debug|Any CPU.ActiveCfg = Debug|Any CPU
		{B06C5DE6-A727-4005-AB69-2A659FFAC033}.Debug|Any CPU.Build.0 = Debug|Any CPU
		{B06C5DE6-A727-4005-AB69-2A659FFAC033}.Debug|x86.ActiveCfg = Debug|Any CPU
		{B06C5DE6-A727-4005-AB69-2A659FFAC033}.Release|Any CPU.ActiveCfg = Release|Any CPU
		{B06C5DE6-A727-4005-AB69-2A659FFAC033}.Release|Any CPU.Build.0 = Release|Any CPU
		{B06C5DE6-A727-4005-AB69-2A659FFAC033}.Release|x86.ActiveCfg = Release|Any CPU
		{BC60A8F0-DA25-4763-BB09-3C6950D8BADD}.Debug|Any CPU.ActiveCfg = Debug|Any CPU
		{BC60A8F0-DA25-4763-BB09-3C6950D8BADD}.Debug|Any CPU.Build.0 = Debug|Any CPU
		{BC60A8F0-DA25-4763-BB09-3C6950D8BADD}.Debug|x86.ActiveCfg = Debug|Any CPU
		{BC60A8F0-DA25-4763-BB09-3C6950D8BADD}.Release|Any CPU.ActiveCfg = Release|Any CPU
		{BC60A8F0-DA25-4763-BB09-3C6950D8BADD}.Release|Any CPU.Build.0 = Release|Any CPU
		{BC60A8F0-DA25-4763-BB09-3C6950D8BADD}.Release|x86.ActiveCfg = Release|Any CPU
		{747D524D-B337-451D-827D-A0BA9E4BEA47}.Debug|Any CPU.ActiveCfg = Debug|Any CPU
		{747D524D-B337-451D-827D-A0BA9E4BEA47}.Debug|Any CPU.Build.0 = Debug|Any CPU
		{747D524D-B337-451D-827D-A0BA9E4BEA47}.Debug|x86.ActiveCfg = Debug|Any CPU
		{747D524D-B337-451D-827D-A0BA9E4BEA47}.Release|Any CPU.ActiveCfg = Release|Any CPU
		{747D524D-B337-451D-827D-A0BA9E4BEA47}.Release|Any CPU.Build.0 = Release|Any CPU
		{747D524D-B337-451D-827D-A0BA9E4BEA47}.Release|x86.ActiveCfg = Release|Any CPU
		{40518715-B9A9-43F5-AC86-AEFCB561C100}.Debug|Any CPU.ActiveCfg = Debug|Any CPU
		{40518715-B9A9-43F5-AC86-AEFCB561C100}.Debug|Any CPU.Build.0 = Debug|Any CPU
		{40518715-B9A9-43F5-AC86-AEFCB561C100}.Debug|x86.ActiveCfg = Debug|Any CPU
		{40518715-B9A9-43F5-AC86-AEFCB561C100}.Release|Any CPU.ActiveCfg = Release|Any CPU
		{40518715-B9A9-43F5-AC86-AEFCB561C100}.Release|Any CPU.Build.0 = Release|Any CPU
		{40518715-B9A9-43F5-AC86-AEFCB561C100}.Release|x86.ActiveCfg = Release|Any CPU
		{0D794DA2-4263-488B-827E-53A54353BE8D}.Debug|Any CPU.ActiveCfg = Debug|Any CPU
		{0D794DA2-4263-488B-827E-53A54353BE8D}.Debug|Any CPU.Build.0 = Debug|Any CPU
		{0D794DA2-4263-488B-827E-53A54353BE8D}.Debug|x86.ActiveCfg = Debug|Any CPU
		{0D794DA2-4263-488B-827E-53A54353BE8D}.Release|Any CPU.ActiveCfg = Release|Any CPU
		{0D794DA2-4263-488B-827E-53A54353BE8D}.Release|Any CPU.Build.0 = Release|Any CPU
		{0D794DA2-4263-488B-827E-53A54353BE8D}.Release|x86.ActiveCfg = Release|Any CPU
		{54A95C90-160F-4804-967D-CEB0665EFA7F}.Debug|Any CPU.ActiveCfg = Debug|Any CPU
		{54A95C90-160F-4804-967D-CEB0665EFA7F}.Debug|Any CPU.Build.0 = Debug|Any CPU
		{54A95C90-160F-4804-967D-CEB0665EFA7F}.Debug|x86.ActiveCfg = Debug|Any CPU
		{54A95C90-160F-4804-967D-CEB0665EFA7F}.Release|Any CPU.ActiveCfg = Release|Any CPU
		{54A95C90-160F-4804-967D-CEB0665EFA7F}.Release|Any CPU.Build.0 = Release|Any CPU
		{54A95C90-160F-4804-967D-CEB0665EFA7F}.Release|x86.ActiveCfg = Release|Any CPU
		{E0B51B19-F1CA-446C-BCE7-F3AAECB9DA96}.Debug|Any CPU.ActiveCfg = Debug|Any CPU
		{E0B51B19-F1CA-446C-BCE7-F3AAECB9DA96}.Debug|Any CPU.Build.0 = Debug|Any CPU
		{E0B51B19-F1CA-446C-BCE7-F3AAECB9DA96}.Debug|x86.ActiveCfg = Debug|Any CPU
		{E0B51B19-F1CA-446C-BCE7-F3AAECB9DA96}.Release|Any CPU.ActiveCfg = Release|Any CPU
		{E0B51B19-F1CA-446C-BCE7-F3AAECB9DA96}.Release|Any CPU.Build.0 = Release|Any CPU
		{E0B51B19-F1CA-446C-BCE7-F3AAECB9DA96}.Release|x86.ActiveCfg = Release|Any CPU
		{50A5F33C-68F4-4DF0-A516-DA868CEBA7A6}.Debug|Any CPU.ActiveCfg = Debug|Any CPU
		{50A5F33C-68F4-4DF0-A516-DA868CEBA7A6}.Debug|Any CPU.Build.0 = Debug|Any CPU
		{50A5F33C-68F4-4DF0-A516-DA868CEBA7A6}.Debug|x86.ActiveCfg = Debug|Any CPU
		{50A5F33C-68F4-4DF0-A516-DA868CEBA7A6}.Release|Any CPU.ActiveCfg = Release|Any CPU
		{50A5F33C-68F4-4DF0-A516-DA868CEBA7A6}.Release|Any CPU.Build.0 = Release|Any CPU
		{50A5F33C-68F4-4DF0-A516-DA868CEBA7A6}.Release|x86.ActiveCfg = Release|Any CPU
		{0CED7C0B-F4B3-4C59-A248-E1E2CB041883}.Debug|Any CPU.ActiveCfg = Debug|Any CPU
		{0CED7C0B-F4B3-4C59-A248-E1E2CB041883}.Debug|Any CPU.Build.0 = Debug|Any CPU
		{0CED7C0B-F4B3-4C59-A248-E1E2CB041883}.Debug|x86.ActiveCfg = Debug|Any CPU
		{0CED7C0B-F4B3-4C59-A248-E1E2CB041883}.Release|Any CPU.ActiveCfg = Release|Any CPU
		{0CED7C0B-F4B3-4C59-A248-E1E2CB041883}.Release|Any CPU.Build.0 = Release|Any CPU
		{0CED7C0B-F4B3-4C59-A248-E1E2CB041883}.Release|x86.ActiveCfg = Release|Any CPU
	EndGlobalSection
	GlobalSection(SolutionProperties) = preSolution
		HideSolutionNode = FALSE
	EndGlobalSection
	GlobalSection(NestedProjects) = preSolution
		{293B0511-FB48-464C-A870-660EB0B9AD60} = {055CCAB3-FB41-4F95-AC32-1113ACC0A34E}
		{9FE4C87B-9298-4962-8F9A-512C266B4CFD} = {FB9B2D3C-CF21-4F50-B5D1-64C66A8FE4E4}
		{11C5DA88-C228-4627-8108-3DDB07AA7898} = {E4EAF2CB-01A2-4A70-9163-8B5CC19E923E}
		{BDD3C5F9-ADDD-442D-948A-4CFACF89CA75} = {08458638-06AE-44BE-AC68-683FD36B5EAF}
		{5FC98DAA-0ED5-4BF6-8F98-C9C4F4C9B4DF} = {FB9B2D3C-CF21-4F50-B5D1-64C66A8FE4E4}
		{C390F1A3-21A6-477A-96EF-214DC560FCEA} = {A3E57BCF-4320-4472-8265-0A87F97D2CBD}
		{CA605E88-9A91-46AE-B6C8-206611D0BF0B} = {A3E57BCF-4320-4472-8265-0A87F97D2CBD}
		{D9F2CEB3-2AA8-4934-9AA3-4C435A6D6CC3} = {272664AB-5F61-4B17-A6B7-98DC566373C1}
		{3FCDDE0A-392B-4BB3-B87C-B42B4A1AB0A8} = {CA28FE45-25F8-4DF7-A537-9F5FAD61A8D0}
		{E2449AA1-D448-4D8B-9FC8-6A08E1DA06F6} = {CA28FE45-25F8-4DF7-A537-9F5FAD61A8D0}
		{3A33EC6E-D2BB-479C-AE62-6639BB180ABA} = {272664AB-5F61-4B17-A6B7-98DC566373C1}
		{246E26F9-8546-4E48-B89F-942EC2DCAAA1} = {E4EAF2CB-01A2-4A70-9163-8B5CC19E923E}
		{B2DDCC7C-2523-43B0-8237-C04E3906D3EF} = {D7350752-F5C1-445F-AB0C-35E2B3424EC3}
		{92BCA813-62E2-44A7-91C0-36C4BB475D8E} = {A3E57BCF-4320-4472-8265-0A87F97D2CBD}
		{B06C5DE6-A727-4005-AB69-2A659FFAC033} = {FB9B2D3C-CF21-4F50-B5D1-64C66A8FE4E4}
		{BC60A8F0-DA25-4763-BB09-3C6950D8BADD} = {FB9B2D3C-CF21-4F50-B5D1-64C66A8FE4E4}
		{747D524D-B337-451D-827D-A0BA9E4BEA47} = {A3E57BCF-4320-4472-8265-0A87F97D2CBD}
		{40518715-B9A9-43F5-AC86-AEFCB561C100} = {A3E57BCF-4320-4472-8265-0A87F97D2CBD}
		{0D794DA2-4263-488B-827E-53A54353BE8D} = {A3E57BCF-4320-4472-8265-0A87F97D2CBD}
		{54A95C90-160F-4804-967D-CEB0665EFA7F} = {A3E57BCF-4320-4472-8265-0A87F97D2CBD}
		{E0B51B19-F1CA-446C-BCE7-F3AAECB9DA96} = {A3E57BCF-4320-4472-8265-0A87F97D2CBD}
		{50A5F33C-68F4-4DF0-A516-DA868CEBA7A6} = {A3E57BCF-4320-4472-8265-0A87F97D2CBD}
		{0CED7C0B-F4B3-4C59-A248-E1E2CB041883} = {A3E57BCF-4320-4472-8265-0A87F97D2CBD}
	EndGlobalSection
EndGlobal
